
Microsoft Visual Studio Solution File, Format Version 12.00
# Visual Studio 2013
VisualStudioVersion = 12.0.31101.0
MinimumVisualStudioVersion = 10.0.40219.1
Project("{FAE04EC0-301F-11D3-BF4B-00C04F79EFBC}") = "FootballConsole", "FootballConsole\FootballConsole.csproj", "{FDC9C4F0-BF01-4962-85DE-726FE979F9E9}"
EndProject
Project("{FAE04EC0-301F-11D3-BF4B-00C04F79EFBC}") = "FootballTableReader", "FootballTableReader\FootballTableReader.csproj", "{2944ADBD-594A-402F-951C-9EC5A21ED628}"
EndProject
Project("{FAE04EC0-301F-11D3-BF4B-00C04F79EFBC}") = "FootballGui", "FootballGui\FootballGui.csproj", "{FD6DA4F3-89BF-4E89-B96E-940CB94A90B5}"
EndProject
Global
	GlobalSection(SolutionConfigurationPlatforms) = preSolution
		Debug|Any CPU = Debug|Any CPU
		Release|Any CPU = Release|Any CPU
	EndGlobalSection
	GlobalSection(ProjectConfigurationPlatforms) = postSolution
		{FDC9C4F0-BF01-4962-85DE-726FE979F9E9}.Debug|Any CPU.ActiveCfg = Debug|Any CPU
		{FDC9C4F0-BF01-4962-85DE-726FE979F9E9}.Debug|Any CPU.Build.0 = Debug|Any CPU
		{FDC9C4F0-BF01-4962-85DE-726FE979F9E9}.Release|Any CPU.ActiveCfg = Release|Any CPU
		{FDC9C4F0-BF01-4962-85DE-726FE979F9E9}.Release|Any CPU.Build.0 = Release|Any CPU
		{2944ADBD-594A-402F-951C-9EC5A21ED628}.Debug|Any CPU.ActiveCfg = Debug|Any CPU
		{2944ADBD-594A-402F-951C-9EC5A21ED628}.Debug|Any CPU.Build.0 = Debug|Any CPU
		{2944ADBD-594A-402F-951C-9EC5A21ED628}.Release|Any CPU.ActiveCfg = Release|Any CPU
		{2944ADBD-594A-402F-951C-9EC5A21ED628}.Release|Any CPU.Build.0 = Release|Any CPU
		{FD6DA4F3-89BF-4E89-B96E-940CB94A90B5}.Debug|Any CPU.ActiveCfg = Debug|Any CPU
		{FD6DA4F3-89BF-4E89-B96E-940CB94A90B5}.Debug|Any CPU.Build.0 = Debug|Any CPU
		{FD6DA4F3-89BF-4E89-B96E-940CB94A90B5}.Release|Any CPU.ActiveCfg = Release|Any CPU
		{FD6DA4F3-89BF-4E89-B96E-940CB94A90B5}.Release|Any CPU.Build.0 = Release|Any CPU
	EndGlobalSection
	GlobalSection(SolutionProperties) = preSolution
		HideSolutionNode = FALSE
	EndGlobalSection
EndGlobal
