
Microsoft Visual Studio Solution File, Format Version 12.00
# Visual Studio 2013
VisualStudioVersion = 12.0.31101.0
MinimumVisualStudioVersion = 10.0.40219.1
Project("{FAE04EC0-301F-11D3-BF4B-00C04F79EFBC}") = "AdventOfCode.Domain", "AdventOfCode.Domain\AdventOfCode.Domain.csproj", "{651D630F-3F3E-40D7-A9A9-BEB52763F5EC}"
EndProject
Project("{FAE04EC0-301F-11D3-BF4B-00C04F79EFBC}") = "AdventOfCode.Test", "AdventOfCode.Test\AdventOfCode.Test.csproj", "{BD4B83CB-6204-4A2F-B2F9-4322FAA2AC83}"
EndProject
Project("{FAE04EC0-301F-11D3-BF4B-00C04F79EFBC}") = "AdventOfCode.Runner", "AdventOfCode.Runner\AdventOfCode.Runner.csproj", "{5C6566C8-0A6C-4F94-8A19-A17C107931D4}"
EndProject
Global
	GlobalSection(SolutionConfigurationPlatforms) = preSolution
		Debug|Any CPU = Debug|Any CPU
		Release|Any CPU = Release|Any CPU
	EndGlobalSection
	GlobalSection(ProjectConfigurationPlatforms) = postSolution
		{651D630F-3F3E-40D7-A9A9-BEB52763F5EC}.Debug|Any CPU.ActiveCfg = Debug|Any CPU
		{651D630F-3F3E-40D7-A9A9-BEB52763F5EC}.Debug|Any CPU.Build.0 = Debug|Any CPU
		{651D630F-3F3E-40D7-A9A9-BEB52763F5EC}.Release|Any CPU.ActiveCfg = Release|Any CPU
		{651D630F-3F3E-40D7-A9A9-BEB52763F5EC}.Release|Any CPU.Build.0 = Release|Any CPU
		{BD4B83CB-6204-4A2F-B2F9-4322FAA2AC83}.Debug|Any CPU.ActiveCfg = Debug|Any CPU
		{BD4B83CB-6204-4A2F-B2F9-4322FAA2AC83}.Debug|Any CPU.Build.0 = Debug|Any CPU
		{BD4B83CB-6204-4A2F-B2F9-4322FAA2AC83}.Release|Any CPU.ActiveCfg = Release|Any CPU
		{BD4B83CB-6204-4A2F-B2F9-4322FAA2AC83}.Release|Any CPU.Build.0 = Release|Any CPU
		{5C6566C8-0A6C-4F94-8A19-A17C107931D4}.Debug|Any CPU.ActiveCfg = Debug|Any CPU
		{5C6566C8-0A6C-4F94-8A19-A17C107931D4}.Debug|Any CPU.Build.0 = Debug|Any CPU
		{5C6566C8-0A6C-4F94-8A19-A17C107931D4}.Release|Any CPU.ActiveCfg = Release|Any CPU
		{5C6566C8-0A6C-4F94-8A19-A17C107931D4}.Release|Any CPU.Build.0 = Release|Any CPU
	EndGlobalSection
	GlobalSection(SolutionProperties) = preSolution
		HideSolutionNode = FALSE
	EndGlobalSection
EndGlobal
